
Microsoft Visual Studio Solution File, Format Version 12.00
# Visual Studio Version 16
VisualStudioVersion = 16.0.29709.97
MinimumVisualStudioVersion = 10.0.40219.1
Project("{FAE04EC0-301F-11D3-BF4B-00C04F79EFBC}") = "TEST", "TEST\TEST.csproj", "{CD0B4B94-49D9-41CB-9EC9-CA3D90FF95C5}"
EndProject
Global
	GlobalSection(SolutionConfigurationPlatforms) = preSolution
		Debug|Any CPU = Debug|Any CPU
		Release|Any CPU = Release|Any CPU
	EndGlobalSection
	GlobalSection(ProjectConfigurationPlatforms) = postSolution
		{CD0B4B94-49D9-41CB-9EC9-CA3D90FF95C5}.Debug|Any CPU.ActiveCfg = Debug|Any CPU
		{CD0B4B94-49D9-41CB-9EC9-CA3D90FF95C5}.Debug|Any CPU.Build.0 = Debug|Any CPU
		{CD0B4B94-49D9-41CB-9EC9-CA3D90FF95C5}.Release|Any CPU.ActiveCfg = Release|Any CPU
		{CD0B4B94-49D9-41CB-9EC9-CA3D90FF95C5}.Release|Any CPU.Build.0 = Release|Any CPU
	EndGlobalSection
	GlobalSection(SolutionProperties) = preSolution
		HideSolutionNode = FALSE
	EndGlobalSection
	GlobalSection(ExtensibilityGlobals) = postSolution
		SolutionGuid = {8B3942D3-029B-41D0-BDB9-302E2151C637}
	EndGlobalSection
EndGlobal
